
Microsoft Visual Studio Solution File, Format Version 12.00
# Visual Studio Version 16
VisualStudioVersion = 16.0.29409.12
MinimumVisualStudioVersion = 10.0.40219.1
Project("{9A19103F-16F7-4668-BE54-9A1E7A4F7556}") = "FlixOne.BookStore.ProductService", "FlixOne.BookStore.ProductService\FlixOne.BookStore.ProductService.csproj", "{7620735E-FF91-498A-B83D-5932AF1D2A7B}"
EndProject
Project("{FAE04EC0-301F-11D3-BF4B-00C04F79EFBC}") = "FlixOne.BookStore.ProductService.IntegrationTests", "FlixOne.BookStore.ProductService.IntegrationTests\FlixOne.BookStore.ProductService.IntegrationTests.csproj", "{E3D1F078-39FA-41A5-9BA9-A03E439933CD}"
EndProject
Project("{FAE04EC0-301F-11D3-BF4B-00C04F79EFBC}") = "FlixOne.BookStore.ProductService.UnitTests", "FlixOne.BookStore.ProductService.UnitTests\FlixOne.BookStore.ProductService.UnitTests.csproj", "{92AE2801-4234-4793-8132-379CD2C1C299}"
EndProject
Global
	GlobalSection(SolutionConfigurationPlatforms) = preSolution
		Debug|Any CPU = Debug|Any CPU
		Release|Any CPU = Release|Any CPU
	EndGlobalSection
	GlobalSection(ProjectConfigurationPlatforms) = postSolution
		{7620735E-FF91-498A-B83D-5932AF1D2A7B}.Debug|Any CPU.ActiveCfg = Debug|Any CPU
		{7620735E-FF91-498A-B83D-5932AF1D2A7B}.Debug|Any CPU.Build.0 = Debug|Any CPU
		{7620735E-FF91-498A-B83D-5932AF1D2A7B}.Release|Any CPU.ActiveCfg = Release|Any CPU
		{7620735E-FF91-498A-B83D-5932AF1D2A7B}.Release|Any CPU.Build.0 = Release|Any CPU
		{E3D1F078-39FA-41A5-9BA9-A03E439933CD}.Debug|Any CPU.ActiveCfg = Debug|Any CPU
		{E3D1F078-39FA-41A5-9BA9-A03E439933CD}.Debug|Any CPU.Build.0 = Debug|Any CPU
		{E3D1F078-39FA-41A5-9BA9-A03E439933CD}.Release|Any CPU.ActiveCfg = Release|Any CPU
		{E3D1F078-39FA-41A5-9BA9-A03E439933CD}.Release|Any CPU.Build.0 = Release|Any CPU
		{92AE2801-4234-4793-8132-379CD2C1C299}.Debug|Any CPU.ActiveCfg = Debug|Any CPU
		{92AE2801-4234-4793-8132-379CD2C1C299}.Debug|Any CPU.Build.0 = Debug|Any CPU
		{92AE2801-4234-4793-8132-379CD2C1C299}.Release|Any CPU.ActiveCfg = Release|Any CPU
		{92AE2801-4234-4793-8132-379CD2C1C299}.Release|Any CPU.Build.0 = Release|Any CPU
	EndGlobalSection
	GlobalSection(SolutionProperties) = preSolution
		HideSolutionNode = FALSE
	EndGlobalSection
	GlobalSection(ExtensibilityGlobals) = postSolution
		SolutionGuid = {9EC3F587-CB3C-4983-A55A-D711C6CE7859}
	EndGlobalSection
EndGlobal
